<?xml version="1.0" encoding="UTF-8" standalone="yes" ?>
<CodeBlocks_project_file>
	<FileVersion major="1" minor="6" />
	<Project>
		<Option title="Automato-Finito-Deterministico" />
		<Option pch_mode="2" />
		<Option compiler="gcc" />
		<Build>
			<Target title="Debug">
				<Option output="bin/Debug/Automato-Finito-Deterministico" prefix_auto="1" extension_auto="1" />
				<Option object_output="obj/Debug/" />
				<Option type="1" />
				<Option compiler="gcc" />
				<Compiler>
					<Add option="-g" />
				</Compiler>
			</Target>
			<Target title="Release">
				<Option output="bin/Release/Automato-Finito-Deterministico" prefix_auto="1" extension_auto="1" />
				<Option object_output="obj/Release/" />
				<Option type="1" />
				<Option compiler="gcc" />
				<Compiler>
					<Add option="-O2" />
				</Compiler>
				<Linker>
					<Add option="-s" />
				</Linker>
			</Target>
		</Build>
		<Compiler>
			<Add option="-Wall" />
		</Compiler>
		<Unit filename="main.c">
			<Option compilerVar="CC" />
		</Unit>
		<Unit filename="src/AFD/carregar_arquivo.c">
			<Option compilerVar="CC" />
		</Unit>
		<Unit filename="src/AFD/carregar_arquivo.h" />
		<Unit filename="src/AFD/verificar_palavra.c">
			<Option compilerVar="CC" />
		</Unit>
		<Unit filename="src/AFD/verificar_palavra.h" />
		<Unit filename="src/funcoes.c">
			<Option compilerVar="CC" />
		</Unit>
		<Unit filename="src/header.h" />
		<Extensions>
			<lib_finder disable_auto="1" />
		</Extensions>
	</Project>
</CodeBlocks_project_file>
